
Microsoft Visual Studio Solution File, Format Version 12.00
# Visual Studio Version 17
VisualStudioVersion = 17.13.35825.156
MinimumVisualStudioVersion = 10.0.40219.1
Project("{FAE04EC0-301F-11D3-BF4B-00C04F79EFBC}") = "test", "Test\test.csproj", "{66B2A0A8-39A5-431C-9368-C308E5834B77}"
EndProject
Project("{FAE04EC0-301F-11D3-BF4B-00C04F79EFBC}") = "VNC", "VNCServer\VNC.csproj", "{4EBE15FC-14AE-4A8C-987D-0A042DF3E5BF}"
EndProject
Global
	GlobalSection(SolutionConfigurationPlatforms) = preSolution
		Debug|Any CPU = Debug|Any CPU
		Release|Any CPU = Release|Any CPU
	EndGlobalSection
	GlobalSection(ProjectConfigurationPlatforms) = postSolution
		{66B2A0A8-39A5-431C-9368-C308E5834B77}.Debug|Any CPU.ActiveCfg = Debug|Any CPU
		{66B2A0A8-39A5-431C-9368-C308E5834B77}.Debug|Any CPU.Build.0 = Debug|Any CPU
		{66B2A0A8-39A5-431C-9368-C308E5834B77}.Release|Any CPU.ActiveCfg = Release|Any CPU
		{66B2A0A8-39A5-431C-9368-C308E5834B77}.Release|Any CPU.Build.0 = Release|Any CPU
		{4EBE15FC-14AE-4A8C-987D-0A042DF3E5BF}.Debug|Any CPU.ActiveCfg = Debug|Any CPU
		{4EBE15FC-14AE-4A8C-987D-0A042DF3E5BF}.Debug|Any CPU.Build.0 = Debug|Any CPU
		{4EBE15FC-14AE-4A8C-987D-0A042DF3E5BF}.Release|Any CPU.ActiveCfg = Release|Any CPU
		{4EBE15FC-14AE-4A8C-987D-0A042DF3E5BF}.Release|Any CPU.Build.0 = Release|Any CPU
	EndGlobalSection
	GlobalSection(SolutionProperties) = preSolution
		HideSolutionNode = FALSE
	EndGlobalSection
	GlobalSection(ExtensibilityGlobals) = postSolution
		SolutionGuid = {54DD6299-DD31-4675-AA1A-4FAF463119DB}
	EndGlobalSection
EndGlobal
